// !$*UTF8*$!
{
	archiveVersion = 1;
	classes = {
	};
	objectVersion = 56;
	objects = {

/* Begin PBXBuildFile section */
		4ABA17992A743ADC0047D9AB /* AppDelegate.swift in Sources */ = {isa = PBXBuildFile; fileRef = 4ABA17982A743ADC0047D9AB /* AppDelegate.swift */; };
		4ABA179B2A743ADC0047D9AB /* SceneDelegate.swift in Sources */ = {isa = PBXBuildFile; fileRef = 4ABA179A2A743ADC0047D9AB /* SceneDelegate.swift */; };
		4ABA17A22A743ADE0047D9AB /* Assets.xcassets in Resources */ = {isa = PBXBuildFile; fileRef = 4ABA17A12A743ADE0047D9AB /* Assets.xcassets */; };
		4ABA17A52A743ADE0047D9AB /* LaunchScreen.storyboard in Resources */ = {isa = PBXBuildFile; fileRef = 4ABA17A32A743ADE0047D9AB /* LaunchScreen.storyboard */; };
		4ABA17B02A743ADE0047D9AB /* DPCMVVMTests.swift in Sources */ = {isa = PBXBuildFile; fileRef = 4ABA17AF2A743ADE0047D9AB /* DPCMVVMTests.swift */; };
		4ABA17BA2A743ADE0047D9AB /* DPCMVVMUITests.swift in Sources */ = {isa = PBXBuildFile; fileRef = 4ABA17B92A743ADE0047D9AB /* DPCMVVMUITests.swift */; };
		4ABA17BC2A743ADE0047D9AB /* DPCMVVMUITestsLaunchTests.swift in Sources */ = {isa = PBXBuildFile; fileRef = 4ABA17BB2A743ADE0047D9AB /* DPCMVVMUITestsLaunchTests.swift */; };
		4AE967902A74404500E583F1 /* CNetwork.framework in Frameworks */ = {isa = PBXBuildFile; fileRef = 4AE9678F2A74404500E583F1 /* CNetwork.framework */; };
		4AE967912A74404500E583F1 /* CNetwork.framework in Embed Frameworks */ = {isa = PBXBuildFile; fileRef = 4AE9678F2A74404500E583F1 /* CNetwork.framework */; settings = {ATTRIBUTES = (CodeSignOnCopy, RemoveHeadersOnCopy, ); }; };
		4AE967A82A7449A200E583F1 /* AppRouter.swift in Sources */ = {isa = PBXBuildFile; fileRef = 4AE967A72A7449A200E583F1 /* AppRouter.swift */; };
		4AE967AA2A7449AE00E583F1 /* AppContainer.swift in Sources */ = {isa = PBXBuildFile; fileRef = 4AE967A92A7449AE00E583F1 /* AppContainer.swift */; };
		4AE967AF2A7547C900E583F1 /* MovieListViewController.swift in Sources */ = {isa = PBXBuildFile; fileRef = 4AE967AE2A7547C900E583F1 /* MovieListViewController.swift */; };
		4AE967B12A75549700E583F1 /* MoviePresentation.swift in Sources */ = {isa = PBXBuildFile; fileRef = 4AE967B02A75549700E583F1 /* MoviePresentation.swift */; };
		4AE967B32A75554000E583F1 /* MovieListContracts.swift in Sources */ = {isa = PBXBuildFile; fileRef = 4AE967B22A75554000E583F1 /* MovieListContracts.swift */; };
		4AE967B52A75593C00E583F1 /* MovieListViewModel.swift in Sources */ = {isa = PBXBuildFile; fileRef = 4AE967B42A75593B00E583F1 /* MovieListViewModel.swift */; };
/* End PBXBuildFile section */

/* Begin PBXContainerItemProxy section */
		4ABA17AC2A743ADE0047D9AB /* PBXContainerItemProxy */ = {
			isa = PBXContainerItemProxy;
			containerPortal = 4ABA178D2A743ADC0047D9AB /* Project object */;
			proxyType = 1;
			remoteGlobalIDString = 4ABA17942A743ADC0047D9AB;
			remoteInfo = DPCMVVM;
		};
		4ABA17B62A743ADE0047D9AB /* PBXContainerItemProxy */ = {
			isa = PBXContainerItemProxy;
			containerPortal = 4ABA178D2A743ADC0047D9AB /* Project object */;
			proxyType = 1;
			remoteGlobalIDString = 4ABA17942A743ADC0047D9AB;
			remoteInfo = DPCMVVM;
		};
/* End PBXContainerItemProxy section */

/* Begin PBXCopyFilesBuildPhase section */
		4AE9676A2A743F5200E583F1 /* Embed Frameworks */ = {
			isa = PBXCopyFilesBuildPhase;
			buildActionMask = 2147483647;
			dstPath = "";
			dstSubfolderSpec = 10;
			files = (
				4AE967912A74404500E583F1 /* CNetwork.framework in Embed Frameworks */,
			);
			name = "Embed Frameworks";
			runOnlyForDeploymentPostprocessing = 0;
		};
/* End PBXCopyFilesBuildPhase section */

/* Begin PBXFileReference section */
		4ABA17952A743ADC0047D9AB /* DPCMVVM.app */ = {isa = PBXFileReference; explicitFileType = wrapper.application; includeInIndex = 0; path = DPCMVVM.app; sourceTree = BUILT_PRODUCTS_DIR; };
		4ABA17982A743ADC0047D9AB /* AppDelegate.swift */ = {isa = PBXFileReference; lastKnownFileType = sourcecode.swift; path = AppDelegate.swift; sourceTree = "<group>"; };
		4ABA179A2A743ADC0047D9AB /* SceneDelegate.swift */ = {isa = PBXFileReference; lastKnownFileType = sourcecode.swift; path = SceneDelegate.swift; sourceTree = "<group>"; };
		4ABA17A12A743ADE0047D9AB /* Assets.xcassets */ = {isa = PBXFileReference; lastKnownFileType = folder.assetcatalog; path = Assets.xcassets; sourceTree = "<group>"; };
		4ABA17A42A743ADE0047D9AB /* Base */ = {isa = PBXFileReference; lastKnownFileType = file.storyboard; name = Base; path = Base.lproj/LaunchScreen.storyboard; sourceTree = "<group>"; };
		4ABA17A62A743ADE0047D9AB /* Info.plist */ = {isa = PBXFileReference; lastKnownFileType = text.plist.xml; path = Info.plist; sourceTree = "<group>"; };
		4ABA17AB2A743ADE0047D9AB /* DPCMVVMTests.xctest */ = {isa = PBXFileReference; explicitFileType = wrapper.cfbundle; includeInIndex = 0; path = DPCMVVMTests.xctest; sourceTree = BUILT_PRODUCTS_DIR; };
		4ABA17AF2A743ADE0047D9AB /* DPCMVVMTests.swift */ = {isa = PBXFileReference; lastKnownFileType = sourcecode.swift; path = DPCMVVMTests.swift; sourceTree = "<group>"; };
		4ABA17B52A743ADE0047D9AB /* DPCMVVMUITests.xctest */ = {isa = PBXFileReference; explicitFileType = wrapper.cfbundle; includeInIndex = 0; path = DPCMVVMUITests.xctest; sourceTree = BUILT_PRODUCTS_DIR; };
		4ABA17B92A743ADE0047D9AB /* DPCMVVMUITests.swift */ = {isa = PBXFileReference; lastKnownFileType = sourcecode.swift; path = DPCMVVMUITests.swift; sourceTree = "<group>"; };
		4ABA17BB2A743ADE0047D9AB /* DPCMVVMUITestsLaunchTests.swift */ = {isa = PBXFileReference; lastKnownFileType = sourcecode.swift; path = DPCMVVMUITestsLaunchTests.swift; sourceTree = "<group>"; };
		4AE9678F2A74404500E583F1 /* CNetwork.framework */ = {isa = PBXFileReference; explicitFileType = wrapper.framework; path = CNetwork.framework; sourceTree = BUILT_PRODUCTS_DIR; };
		4AE967A72A7449A200E583F1 /* AppRouter.swift */ = {isa = PBXFileReference; lastKnownFileType = sourcecode.swift; path = AppRouter.swift; sourceTree = "<group>"; };
		4AE967A92A7449AE00E583F1 /* AppContainer.swift */ = {isa = PBXFileReference; lastKnownFileType = sourcecode.swift; path = AppContainer.swift; sourceTree = "<group>"; };
		4AE967AE2A7547C900E583F1 /* MovieListViewController.swift */ = {isa = PBXFileReference; lastKnownFileType = sourcecode.swift; path = MovieListViewController.swift; sourceTree = "<group>"; };
		4AE967B02A75549700E583F1 /* MoviePresentation.swift */ = {isa = PBXFileReference; lastKnownFileType = sourcecode.swift; path = MoviePresentation.swift; sourceTree = "<group>"; };
		4AE967B22A75554000E583F1 /* MovieListContracts.swift */ = {isa = PBXFileReference; lastKnownFileType = sourcecode.swift; path = MovieListContracts.swift; sourceTree = "<group>"; };
		4AE967B42A75593B00E583F1 /* MovieListViewModel.swift */ = {isa = PBXFileReference; lastKnownFileType = sourcecode.swift; path = MovieListViewModel.swift; sourceTree = "<group>"; };
/* End PBXFileReference section */

/* Begin PBXFrameworksBuildPhase section */
		4ABA17922A743ADC0047D9AB /* Frameworks */ = {
			isa = PBXFrameworksBuildPhase;
			buildActionMask = 2147483647;
			files = (
				4AE967902A74404500E583F1 /* CNetwork.framework in Frameworks */,
			);
			runOnlyForDeploymentPostprocessing = 0;
		};
		4ABA17A82A743ADE0047D9AB /* Frameworks */ = {
			isa = PBXFrameworksBuildPhase;
			buildActionMask = 2147483647;
			files = (
			);
			runOnlyForDeploymentPostprocessing = 0;
		};
		4ABA17B22A743ADE0047D9AB /* Frameworks */ = {
			isa = PBXFrameworksBuildPhase;
			buildActionMask = 2147483647;
			files = (
			);
			runOnlyForDeploymentPostprocessing = 0;
		};
/* End PBXFrameworksBuildPhase section */

/* Begin PBXGroup section */
		4ABA178C2A743ADC0047D9AB = {
			isa = PBXGroup;
			children = (
				4ABA17972A743ADC0047D9AB /* DPCMVVM */,
				4ABA17AE2A743ADE0047D9AB /* DPCMVVMTests */,
				4ABA17B82A743ADE0047D9AB /* DPCMVVMUITests */,
				4ABA17962A743ADC0047D9AB /* Products */,
				4AE967622A743F4200E583F1 /* Frameworks */,
			);
			sourceTree = "<group>";
		};
		4ABA17962A743ADC0047D9AB /* Products */ = {
			isa = PBXGroup;
			children = (
				4ABA17952A743ADC0047D9AB /* DPCMVVM.app */,
				4ABA17AB2A743ADE0047D9AB /* DPCMVVMTests.xctest */,
				4ABA17B52A743ADE0047D9AB /* DPCMVVMUITests.xctest */,
			);
			name = Products;
			sourceTree = "<group>";
		};
		4ABA17972A743ADC0047D9AB /* DPCMVVM */ = {
			isa = PBXGroup;
			children = (
				4AE967A52A74490900E583F1 /* App */,
				4AE967A62A74491000E583F1 /* Scenes */,
				4ABA17A12A743ADE0047D9AB /* Assets.xcassets */,
				4ABA17A32A743ADE0047D9AB /* LaunchScreen.storyboard */,
				4ABA17A62A743ADE0047D9AB /* Info.plist */,
			);
			path = DPCMVVM;
			sourceTree = "<group>";
		};
		4ABA17AE2A743ADE0047D9AB /* DPCMVVMTests */ = {
			isa = PBXGroup;
			children = (
				4ABA17AF2A743ADE0047D9AB /* DPCMVVMTests.swift */,
			);
			path = DPCMVVMTests;
			sourceTree = "<group>";
		};
		4ABA17B82A743ADE0047D9AB /* DPCMVVMUITests */ = {
			isa = PBXGroup;
			children = (
				4ABA17B92A743ADE0047D9AB /* DPCMVVMUITests.swift */,
				4ABA17BB2A743ADE0047D9AB /* DPCMVVMUITestsLaunchTests.swift */,
			);
			path = DPCMVVMUITests;
			sourceTree = "<group>";
		};
		4AE967622A743F4200E583F1 /* Frameworks */ = {
			isa = PBXGroup;
			children = (
				4AE9678F2A74404500E583F1 /* CNetwork.framework */,
			);
			name = Frameworks;
			sourceTree = "<group>";
		};
		4AE967A52A74490900E583F1 /* App */ = {
			isa = PBXGroup;
			children = (
				4ABA17982A743ADC0047D9AB /* AppDelegate.swift */,
				4ABA179A2A743ADC0047D9AB /* SceneDelegate.swift */,
				4AE967A92A7449AE00E583F1 /* AppContainer.swift */,
				4AE967A72A7449A200E583F1 /* AppRouter.swift */,
			);
			path = App;
			sourceTree = "<group>";
		};
		4AE967A62A74491000E583F1 /* Scenes */ = {
			isa = PBXGroup;
			children = (
				4AE967AD2A7547AF00E583F1 /* MovieList */,
			);
			path = Scenes;
			sourceTree = "<group>";
		};
		4AE967AD2A7547AF00E583F1 /* MovieList */ = {
			isa = PBXGroup;
			children = (
				4AE967AE2A7547C900E583F1 /* MovieListViewController.swift */,
				4AE967B02A75549700E583F1 /* MoviePresentation.swift */,
				4AE967B22A75554000E583F1 /* MovieListContracts.swift */,
				4AE967B42A75593B00E583F1 /* MovieListViewModel.swift */,
			);
			path = MovieList;
			sourceTree = "<group>";
		};
/* End PBXGroup section */

/* Begin PBXNativeTarget section */
		4ABA17942A743ADC0047D9AB /* DPCMVVM */ = {
			isa = PBXNativeTarget;
			buildConfigurationList = 4ABA17BF2A743ADE0047D9AB /* Build configuration list for PBXNativeTarget "DPCMVVM" */;
			buildPhases = (
				4ABA17912A743ADC0047D9AB /* Sources */,
				4ABA17922A743ADC0047D9AB /* Frameworks */,
				4ABA17932A743ADC0047D9AB /* Resources */,
				4AE9676A2A743F5200E583F1 /* Embed Frameworks */,
			);
			buildRules = (
			);
			dependencies = (
			);
			name = DPCMVVM;
			productName = DPCMVVM;
			productReference = 4ABA17952A743ADC0047D9AB /* DPCMVVM.app */;
			productType = "com.apple.product-type.application";
		};
		4ABA17AA2A743ADE0047D9AB /* DPCMVVMTests */ = {
			isa = PBXNativeTarget;
			buildConfigurationList = 4ABA17C22A743ADE0047D9AB /* Build configuration list for PBXNativeTarget "DPCMVVMTests" */;
			buildPhases = (
				4ABA17A72A743ADE0047D9AB /* Sources */,
				4ABA17A82A743ADE0047D9AB /* Frameworks */,
				4ABA17A92A743ADE0047D9AB /* Resources */,
			);
			buildRules = (
			);
			dependencies = (
				4ABA17AD2A743ADE0047D9AB /* PBXTargetDependency */,
			);
			name = DPCMVVMTests;
			productName = DPCMVVMTests;
			productReference = 4ABA17AB2A743ADE0047D9AB /* DPCMVVMTests.xctest */;
			productType = "com.apple.product-type.bundle.unit-test";
		};
		4ABA17B42A743ADE0047D9AB /* DPCMVVMUITests */ = {
			isa = PBXNativeTarget;
			buildConfigurationList = 4ABA17C52A743ADE0047D9AB /* Build configuration list for PBXNativeTarget "DPCMVVMUITests" */;
			buildPhases = (
				4ABA17B12A743ADE0047D9AB /* Sources */,
				4ABA17B22A743ADE0047D9AB /* Frameworks */,
				4ABA17B32A743ADE0047D9AB /* Resources */,
			);
			buildRules = (
			);
			dependencies = (
				4ABA17B72A743ADE0047D9AB /* PBXTargetDependency */,
			);
			name = DPCMVVMUITests;
			productName = DPCMVVMUITests;
			productReference = 4ABA17B52A743ADE0047D9AB /* DPCMVVMUITests.xctest */;
			productType = "com.apple.product-type.bundle.ui-testing";
		};
/* End PBXNativeTarget section */

/* Begin PBXProject section */
		4ABA178D2A743ADC0047D9AB /* Project object */ = {
			isa = PBXProject;
			attributes = {
				BuildIndependentTargetsInParallel = 1;
				LastSwiftUpdateCheck = 1430;
				LastUpgradeCheck = 1430;
				TargetAttributes = {
					4ABA17942A743ADC0047D9AB = {
						CreatedOnToolsVersion = 14.3.1;
					};
					4ABA17AA2A743ADE0047D9AB = {
						CreatedOnToolsVersion = 14.3.1;
						TestTargetID = 4ABA17942A743ADC0047D9AB;
					};
					4ABA17B42A743ADE0047D9AB = {
						CreatedOnToolsVersion = 14.3.1;
						TestTargetID = 4ABA17942A743ADC0047D9AB;
					};
				};
			};
			buildConfigurationList = 4ABA17902A743ADC0047D9AB /* Build configuration list for PBXProject "DPCMVVM" */;
			compatibilityVersion = "Xcode 14.0";
			developmentRegion = en;
			hasScannedForEncodings = 0;
			knownRegions = (
				en,
				Base,
			);
			mainGroup = 4ABA178C2A743ADC0047D9AB;
			productRefGroup = 4ABA17962A743ADC0047D9AB /* Products */;
			projectDirPath = "";
			projectRoot = "";
			targets = (
				4ABA17942A743ADC0047D9AB /* DPCMVVM */,
				4ABA17AA2A743ADE0047D9AB /* DPCMVVMTests */,
				4ABA17B42A743ADE0047D9AB /* DPCMVVMUITests */,
			);
		};
/* End PBXProject section */

/* Begin PBXResourcesBuildPhase section */
		4ABA17932A743ADC0047D9AB /* Resources */ = {
			isa = PBXResourcesBuildPhase;
			buildActionMask = 2147483647;
			files = (
				4ABA17A52A743ADE0047D9AB /* LaunchScreen.storyboard in Resources */,
				4ABA17A22A743ADE0047D9AB /* Assets.xcassets in Resources */,
			);
			runOnlyForDeploymentPostprocessing = 0;
		};
		4ABA17A92A743ADE0047D9AB /* Resources */ = {
			isa = PBXResourcesBuildPhase;
			buildActionMask = 2147483647;
			files = (
			);
			runOnlyForDeploymentPostprocessing = 0;
		};
		4ABA17B32A743ADE0047D9AB /* Resources */ = {
			isa = PBXResourcesBuildPhase;
			buildActionMask = 2147483647;
			files = (
			);
			runOnlyForDeploymentPostprocessing = 0;
		};
/* End PBXResourcesBuildPhase section */

/* Begin PBXSourcesBuildPhase section */
		4ABA17912A743ADC0047D9AB /* Sources */ = {
			isa = PBXSourcesBuildPhase;
			buildActionMask = 2147483647;
			files = (
				4AE967B12A75549700E583F1 /* MoviePresentation.swift in Sources */,
				4AE967A82A7449A200E583F1 /* AppRouter.swift in Sources */,
				4AE967AF2A7547C900E583F1 /* MovieListViewController.swift in Sources */,
				4AE967B52A75593C00E583F1 /* MovieListViewModel.swift in Sources */,
				4AE967AA2A7449AE00E583F1 /* AppContainer.swift in Sources */,
				4ABA17992A743ADC0047D9AB /* AppDelegate.swift in Sources */,
				4ABA179B2A743ADC0047D9AB /* SceneDelegate.swift in Sources */,
				4AE967B32A75554000E583F1 /* MovieListContracts.swift in Sources */,
			);
			runOnlyForDeploymentPostprocessing = 0;
		};
		4ABA17A72A743ADE0047D9AB /* Sources */ = {
			isa = PBXSourcesBuildPhase;
			buildActionMask = 2147483647;
			files = (
				4ABA17B02A743ADE0047D9AB /* DPCMVVMTests.swift in Sources */,
			);
			runOnlyForDeploymentPostprocessing = 0;
		};
		4ABA17B12A743ADE0047D9AB /* Sources */ = {
			isa = PBXSourcesBuildPhase;
			buildActionMask = 2147483647;
			files = (
				4ABA17BC2A743ADE0047D9AB /* DPCMVVMUITestsLaunchTests.swift in Sources */,
				4ABA17BA2A743ADE0047D9AB /* DPCMVVMUITests.swift in Sources */,
			);
			runOnlyForDeploymentPostprocessing = 0;
		};
/* End PBXSourcesBuildPhase section */

/* Begin PBXTargetDependency section */
		4ABA17AD2A743ADE0047D9AB /* PBXTargetDependency */ = {
			isa = PBXTargetDependency;
			target = 4ABA17942A743ADC0047D9AB /* DPCMVVM */;
			targetProxy = 4ABA17AC2A743ADE0047D9AB /* PBXContainerItemProxy */;
		};
		4ABA17B72A743ADE0047D9AB /* PBXTargetDependency */ = {
			isa = PBXTargetDependency;
			target = 4ABA17942A743ADC0047D9AB /* DPCMVVM */;
			targetProxy = 4ABA17B62A743ADE0047D9AB /* PBXContainerItemProxy */;
		};
/* End PBXTargetDependency section */

/* Begin PBXVariantGroup section */
		4ABA17A32A743ADE0047D9AB /* LaunchScreen.storyboard */ = {
			isa = PBXVariantGroup;
			children = (
				4ABA17A42A743ADE0047D9AB /* Base */,
			);
			name = LaunchScreen.storyboard;
			sourceTree = "<group>";
		};
/* End PBXVariantGroup section */

/* Begin XCBuildConfiguration section */
		4ABA17BD2A743ADE0047D9AB /* Debug */ = {
			isa = XCBuildConfiguration;
			buildSettings = {
				ALWAYS_SEARCH_USER_PATHS = NO;
				CLANG_ANALYZER_NONNULL = YES;
				CLANG_ANALYZER_NUMBER_OBJECT_CONVERSION = YES_AGGRESSIVE;
				CLANG_CXX_LANGUAGE_STANDARD = "gnu++20";
				CLANG_ENABLE_MODULES = YES;
				CLANG_ENABLE_OBJC_ARC = YES;
				CLANG_ENABLE_OBJC_WEAK = YES;
				CLANG_WARN_BLOCK_CAPTURE_AUTORELEASING = YES;
				CLANG_WARN_BOOL_CONVERSION = YES;
				CLANG_WARN_COMMA = YES;
				CLANG_WARN_CONSTANT_CONVERSION = YES;
				CLANG_WARN_DEPRECATED_OBJC_IMPLEMENTATIONS = YES;
				CLANG_WARN_DIRECT_OBJC_ISA_USAGE = YES_ERROR;
				CLANG_WARN_DOCUMENTATION_COMMENTS = YES;
				CLANG_WARN_EMPTY_BODY = YES;
				CLANG_WARN_ENUM_CONVERSION = YES;
				CLANG_WARN_INFINITE_RECURSION = YES;
				CLANG_WARN_INT_CONVERSION = YES;
				CLANG_WARN_NON_LITERAL_NULL_CONVERSION = YES;
				CLANG_WARN_OBJC_IMPLICIT_RETAIN_SELF = YES;
				CLANG_WARN_OBJC_LITERAL_CONVERSION = YES;
				CLANG_WARN_OBJC_ROOT_CLASS = YES_ERROR;
				CLANG_WARN_QUOTED_INCLUDE_IN_FRAMEWORK_HEADER = YES;
				CLANG_WARN_RANGE_LOOP_ANALYSIS = YES;
				CLANG_WARN_STRICT_PROTOTYPES = YES;
				CLANG_WARN_SUSPICIOUS_MOVE = YES;
				CLANG_WARN_UNGUARDED_AVAILABILITY = YES_AGGRESSIVE;
				CLANG_WARN_UNREACHABLE_CODE = YES;
				CLANG_WARN__DUPLICATE_METHOD_MATCH = YES;
				COPY_PHASE_STRIP = NO;
				DEBUG_INFORMATION_FORMAT = dwarf;
				ENABLE_STRICT_OBJC_MSGSEND = YES;
				ENABLE_TESTABILITY = YES;
				GCC_C_LANGUAGE_STANDARD = gnu11;
				GCC_DYNAMIC_NO_PIC = NO;
				GCC_NO_COMMON_BLOCKS = YES;
				GCC_OPTIMIZATION_LEVEL = 0;
				GCC_PREPROCESSOR_DEFINITIONS = (
					"DEBUG=1",
					"$(inherited)",
				);
				GCC_WARN_64_TO_32_BIT_CONVERSION = YES;
				GCC_WARN_ABOUT_RETURN_TYPE = YES_ERROR;
				GCC_WARN_UNDECLARED_SELECTOR = YES;
				GCC_WARN_UNINITIALIZED_AUTOS = YES_AGGRESSIVE;
				GCC_WARN_UNUSED_FUNCTION = YES;
				GCC_WARN_UNUSED_VARIABLE = YES;
				IPHONEOS_DEPLOYMENT_TARGET = 16.4;
				MTL_ENABLE_DEBUG_INFO = INCLUDE_SOURCE;
				MTL_FAST_MATH = YES;
				ONLY_ACTIVE_ARCH = YES;
				SDKROOT = iphoneos;
				SWIFT_ACTIVE_COMPILATION_CONDITIONS = DEBUG;
				SWIFT_OPTIMIZATION_LEVEL = "-Onone";
			};
			name = Debug;
		};
		4ABA17BE2A743ADE0047D9AB /* Release */ = {
			isa = XCBuildConfiguration;
			buildSettings = {
				ALWAYS_SEARCH_USER_PATHS = NO;
				CLANG_ANALYZER_NONNULL = YES;
				CLANG_ANALYZER_NUMBER_OBJECT_CONVERSION = YES_AGGRESSIVE;
				CLANG_CXX_LANGUAGE_STANDARD = "gnu++20";
				CLANG_ENABLE_MODULES = YES;
				CLANG_ENABLE_OBJC_ARC = YES;
				CLANG_ENABLE_OBJC_WEAK = YES;
				CLANG_WARN_BLOCK_CAPTURE_AUTORELEASING = YES;
				CLANG_WARN_BOOL_CONVERSION = YES;
				CLANG_WARN_COMMA = YES;
				CLANG_WARN_CONSTANT_CONVERSION = YES;
				CLANG_WARN_DEPRECATED_OBJC_IMPLEMENTATIONS = YES;
				CLANG_WARN_DIRECT_OBJC_ISA_USAGE = YES_ERROR;
				CLANG_WARN_DOCUMENTATION_COMMENTS = YES;
				CLANG_WARN_EMPTY_BODY = YES;
				CLANG_WARN_ENUM_CONVERSION = YES;
				CLANG_WARN_INFINITE_RECURSION = YES;
				CLANG_WARN_INT_CONVERSION = YES;
				CLANG_WARN_NON_LITERAL_NULL_CONVERSION = YES;
				CLANG_WARN_OBJC_IMPLICIT_RETAIN_SELF = YES;
				CLANG_WARN_OBJC_LITERAL_CONVERSION = YES;
				CLANG_WARN_OBJC_ROOT_CLASS = YES_ERROR;
				CLANG_WARN_QUOTED_INCLUDE_IN_FRAMEWORK_HEADER = YES;
				CLANG_WARN_RANGE_LOOP_ANALYSIS = YES;
				CLANG_WARN_STRICT_PROTOTYPES = YES;
				CLANG_WARN_SUSPICIOUS_MOVE = YES;
				CLANG_WARN_UNGUARDED_AVAILABILITY = YES_AGGRESSIVE;
				CLANG_WARN_UNREACHABLE_CODE = YES;
				CLANG_WARN__DUPLICATE_METHOD_MATCH = YES;
				COPY_PHASE_STRIP = NO;
				DEBUG_INFORMATION_FORMAT = "dwarf-with-dsym";
				ENABLE_NS_ASSERTIONS = NO;
				ENABLE_STRICT_OBJC_MSGSEND = YES;
				GCC_C_LANGUAGE_STANDARD = gnu11;
				GCC_NO_COMMON_BLOCKS = YES;
				GCC_WARN_64_TO_32_BIT_CONVERSION = YES;
				GCC_WARN_ABOUT_RETURN_TYPE = YES_ERROR;
				GCC_WARN_UNDECLARED_SELECTOR = YES;
				GCC_WARN_UNINITIALIZED_AUTOS = YES_AGGRESSIVE;
				GCC_WARN_UNUSED_FUNCTION = YES;
				GCC_WARN_UNUSED_VARIABLE = YES;
				IPHONEOS_DEPLOYMENT_TARGET = 16.4;
				MTL_ENABLE_DEBUG_INFO = NO;
				MTL_FAST_MATH = YES;
				SDKROOT = iphoneos;
				SWIFT_COMPILATION_MODE = wholemodule;
				SWIFT_OPTIMIZATION_LEVEL = "-O";
				VALIDATE_PRODUCT = YES;
			};
			name = Release;
		};
		4ABA17C02A743ADE0047D9AB /* Debug */ = {
			isa = XCBuildConfiguration;
			buildSettings = {
				ASSETCATALOG_COMPILER_APPICON_NAME = AppIcon;
				ASSETCATALOG_COMPILER_GLOBAL_ACCENT_COLOR_NAME = AccentColor;
				CODE_SIGN_STYLE = Automatic;
				CURRENT_PROJECT_VERSION = 1;
				DEVELOPMENT_TEAM = GGBN9Z4A4W;
				GENERATE_INFOPLIST_FILE = YES;
				INFOPLIST_FILE = DPCMVVM/Info.plist;
				INFOPLIST_KEY_UIApplicationSupportsIndirectInputEvents = YES;
				INFOPLIST_KEY_UILaunchStoryboardName = LaunchScreen;
				INFOPLIST_KEY_UISupportedInterfaceOrientations_iPad = "UIInterfaceOrientationPortrait UIInterfaceOrientationPortraitUpsideDown UIInterfaceOrientationLandscapeLeft UIInterfaceOrientationLandscapeRight";
				INFOPLIST_KEY_UISupportedInterfaceOrientations_iPhone = "UIInterfaceOrientationPortrait UIInterfaceOrientationLandscapeLeft UIInterfaceOrientationLandscapeRight";
				LD_RUNPATH_SEARCH_PATHS = (
					"$(inherited)",
					"@executable_path/Frameworks",
				);
				MARKETING_VERSION = 1.0;
				PRODUCT_BUNDLE_IDENTIFIER = com.burakemregundes.DPCMVVM;
				PRODUCT_NAME = "$(TARGET_NAME)";
				SWIFT_EMIT_LOC_STRINGS = YES;
				SWIFT_VERSION = 5.0;
				TARGETED_DEVICE_FAMILY = "1,2";
			};
			name = Debug;
		};
		4ABA17C12A743ADE0047D9AB /* Release */ = {
			isa = XCBuildConfiguration;
			buildSettings = {
				ASSETCATALOG_COMPILER_APPICON_NAME = AppIcon;
				ASSETCATALOG_COMPILER_GLOBAL_ACCENT_COLOR_NAME = AccentColor;
				CODE_SIGN_STYLE = Automatic;
				CURRENT_PROJECT_VERSION = 1;
				DEVELOPMENT_TEAM = GGBN9Z4A4W;
				GENERATE_INFOPLIST_FILE = YES;
				INFOPLIST_FILE = DPCMVVM/Info.plist;
				INFOPLIST_KEY_UIApplicationSupportsIndirectInputEvents = YES;
				INFOPLIST_KEY_UILaunchStoryboardName = LaunchScreen;
				INFOPLIST_KEY_UISupportedInterfaceOrientations_iPad = "UIInterfaceOrientationPortrait UIInterfaceOrientationPortraitUpsideDown UIInterfaceOrientationLandscapeLeft UIInterfaceOrientationLandscapeRight";
				INFOPLIST_KEY_UISupportedInterfaceOrientations_iPhone = "UIInterfaceOrientationPortrait UIInterfaceOrientationLandscapeLeft UIInterfaceOrientationLandscapeRight";
				LD_RUNPATH_SEARCH_PATHS = (
					"$(inherited)",
					"@executable_path/Frameworks",
				);
				MARKETING_VERSION = 1.0;
				PRODUCT_BUNDLE_IDENTIFIER = com.burakemregundes.DPCMVVM;
				PRODUCT_NAME = "$(TARGET_NAME)";
				SWIFT_EMIT_LOC_STRINGS = YES;
				SWIFT_VERSION = 5.0;
				TARGETED_DEVICE_FAMILY = "1,2";
			};
			name = Release;
		};
		4ABA17C32A743ADE0047D9AB /* Debug */ = {
			isa = XCBuildConfiguration;
			buildSettings = {
				ALWAYS_EMBED_SWIFT_STANDARD_LIBRARIES = YES;
				BUNDLE_LOADER = "$(TEST_HOST)";
				CODE_SIGN_STYLE = Automatic;
				CURRENT_PROJECT_VERSION = 1;
				DEVELOPMENT_TEAM = GGBN9Z4A4W;
				GENERATE_INFOPLIST_FILE = YES;
				IPHONEOS_DEPLOYMENT_TARGET = 16.4;
				MARKETING_VERSION = 1.0;
				PRODUCT_BUNDLE_IDENTIFIER = com.burakemregundes.DPCMVVMTests;
				PRODUCT_NAME = "$(TARGET_NAME)";
				SWIFT_EMIT_LOC_STRINGS = NO;
				SWIFT_VERSION = 5.0;
				TARGETED_DEVICE_FAMILY = "1,2";
				TEST_HOST = "$(BUILT_PRODUCTS_DIR)/DPCMVVM.app/$(BUNDLE_EXECUTABLE_FOLDER_PATH)/DPCMVVM";
			};
			name = Debug;
		};
		4ABA17C42A743ADE0047D9AB /* Release */ = {
			isa = XCBuildConfiguration;
			buildSettings = {
				ALWAYS_EMBED_SWIFT_STANDARD_LIBRARIES = YES;
				BUNDLE_LOADER = "$(TEST_HOST)";
				CODE_SIGN_STYLE = Automatic;
				CURRENT_PROJECT_VERSION = 1;
				DEVELOPMENT_TEAM = GGBN9Z4A4W;
				GENERATE_INFOPLIST_FILE = YES;
				IPHONEOS_DEPLOYMENT_TARGET = 16.4;
				MARKETING_VERSION = 1.0;
				PRODUCT_BUNDLE_IDENTIFIER = com.burakemregundes.DPCMVVMTests;
				PRODUCT_NAME = "$(TARGET_NAME)";
				SWIFT_EMIT_LOC_STRINGS = NO;
				SWIFT_VERSION = 5.0;
				TARGETED_DEVICE_FAMILY = "1,2";
				TEST_HOST = "$(BUILT_PRODUCTS_DIR)/DPCMVVM.app/$(BUNDLE_EXECUTABLE_FOLDER_PATH)/DPCMVVM";
			};
			name = Release;
		};
		4ABA17C62A743ADE0047D9AB /* Debug */ = {
			isa = XCBuildConfiguration;
			buildSettings = {
				ALWAYS_EMBED_SWIFT_STANDARD_LIBRARIES = YES;
				CODE_SIGN_STYLE = Automatic;
				CURRENT_PROJECT_VERSION = 1;
				DEVELOPMENT_TEAM = GGBN9Z4A4W;
				GENERATE_INFOPLIST_FILE = YES;
				MARKETING_VERSION = 1.0;
				PRODUCT_BUNDLE_IDENTIFIER = com.burakemregundes.DPCMVVMUITests;
				PRODUCT_NAME = "$(TARGET_NAME)";
				SWIFT_EMIT_LOC_STRINGS = NO;
				SWIFT_VERSION = 5.0;
				TARGETED_DEVICE_FAMILY = "1,2";
				TEST_TARGET_NAME = DPCMVVM;
			};
			name = Debug;
		};
		4ABA17C72A743ADE0047D9AB /* Release */ = {
			isa = XCBuildConfiguration;
			buildSettings = {
				ALWAYS_EMBED_SWIFT_STANDARD_LIBRARIES = YES;
				CODE_SIGN_STYLE = Automatic;
				CURRENT_PROJECT_VERSION = 1;
				DEVELOPMENT_TEAM = GGBN9Z4A4W;
				GENERATE_INFOPLIST_FILE = YES;
				MARKETING_VERSION = 1.0;
				PRODUCT_BUNDLE_IDENTIFIER = com.burakemregundes.DPCMVVMUITests;
				PRODUCT_NAME = "$(TARGET_NAME)";
				SWIFT_EMIT_LOC_STRINGS = NO;
				SWIFT_VERSION = 5.0;
				TARGETED_DEVICE_FAMILY = "1,2";
				TEST_TARGET_NAME = DPCMVVM;
			};
			name = Release;
		};
/* End XCBuildConfiguration section */

/* Begin XCConfigurationList section */
		4ABA17902A743ADC0047D9AB /* Build configuration list for PBXProject "DPCMVVM" */ = {
			isa = XCConfigurationList;
			buildConfigurations = (
				4ABA17BD2A743ADE0047D9AB /* Debug */,
				4ABA17BE2A743ADE0047D9AB /* Release */,
			);
			defaultConfigurationIsVisible = 0;
			defaultConfigurationName = Release;
		};
		4ABA17BF2A743ADE0047D9AB /* Build configuration list for PBXNativeTarget "DPCMVVM" */ = {
			isa = XCConfigurationList;
			buildConfigurations = (
				4ABA17C02A743ADE0047D9AB /* Debug */,
				4ABA17C12A743ADE0047D9AB /* Release */,
			);
			defaultConfigurationIsVisible = 0;
			defaultConfigurationName = Release;
		};
		4ABA17C22A743ADE0047D9AB /* Build configuration list for PBXNativeTarget "DPCMVVMTests" */ = {
			isa = XCConfigurationList;
			buildConfigurations = (
				4ABA17C32A743ADE0047D9AB /* Debug */,
				4ABA17C42A743ADE0047D9AB /* Release */,
			);
			defaultConfigurationIsVisible = 0;
			defaultConfigurationName = Release;
		};
		4ABA17C52A743ADE0047D9AB /* Build configuration list for PBXNativeTarget "DPCMVVMUITests" */ = {
			isa = XCConfigurationList;
			buildConfigurations = (
				4ABA17C62A743ADE0047D9AB /* Debug */,
				4ABA17C72A743ADE0047D9AB /* Release */,
			);
			defaultConfigurationIsVisible = 0;
			defaultConfigurationName = Release;
		};
/* End XCConfigurationList section */
	};
	rootObject = 4ABA178D2A743ADC0047D9AB /* Project object */;
}
